// !$*UTF8*$!
{
	archiveVersion = 1;
	classes = {
	};
	objectVersion = 55;
	objects = {

/* Begin PBXBuildFile section */
		1BD50E5D2834115100A2AA23 /* AppDelegate.swift in Sources */ = {isa = PBXBuildFile; fileRef = 1BD50E5C2834115100A2AA23 /* AppDelegate.swift */; };
		1BD50E5F2834115100A2AA23 /* SceneDelegate.swift in Sources */ = {isa = PBXBuildFile; fileRef = 1BD50E5E2834115100A2AA23 /* SceneDelegate.swift */; };
		1BD50E612834115100A2AA23 /* ViewController.swift in Sources */ = {isa = PBXBuildFile; fileRef = 1BD50E602834115100A2AA23 /* ViewController.swift */; };
		1BD50E642834115100A2AA23 /* Main.storyboard in Resources */ = {isa = PBXBuildFile; fileRef = 1BD50E622834115100A2AA23 /* Main.storyboard */; };
		1BD50E662834115300A2AA23 /* Assets.xcassets in Resources */ = {isa = PBXBuildFile; fileRef = 1BD50E652834115300A2AA23 /* Assets.xcassets */; };
		1BD50E692834115300A2AA23 /* LaunchScreen.storyboard in Resources */ = {isa = PBXBuildFile; fileRef = 1BD50E672834115300A2AA23 /* LaunchScreen.storyboard */; };
		1BD50E8D2834118300A2AA23 /* URLSessionHTTPClient.swift in Sources */ = {isa = PBXBuildFile; fileRef = 1BD50E8C2834118300A2AA23 /* URLSessionHTTPClient.swift */; };
		1BD50E8F283411B800A2AA23 /* HTTPClient.swift in Sources */ = {isa = PBXBuildFile; fileRef = 1BD50E8E283411B800A2AA23 /* HTTPClient.swift */; };
		1BD50E912834128400A2AA23 /* URLSessionHTTPClientTests.swift in Sources */ = {isa = PBXBuildFile; fileRef = 1BD50E902834128400A2AA23 /* URLSessionHTTPClientTests.swift */; };
/* End PBXBuildFile section */

/* Begin PBXContainerItemProxy section */
		1BD50E702834115400A2AA23 /* PBXContainerItemProxy */ = {
			isa = PBXContainerItemProxy;
			containerPortal = 1BD50E512834115100A2AA23 /* Project object */;
			proxyType = 1;
			remoteGlobalIDString = 1BD50E582834115100A2AA23;
			remoteInfo = URLSessionHTTPClientAsyncAwait;
		};
/* End PBXContainerItemProxy section */

/* Begin PBXFileReference section */
		1BD50E592834115100A2AA23 /* URLSessionHTTPClientAsyncAwait.app */ = {isa = PBXFileReference; explicitFileType = wrapper.application; includeInIndex = 0; path = URLSessionHTTPClientAsyncAwait.app; sourceTree = BUILT_PRODUCTS_DIR; };
		1BD50E5C2834115100A2AA23 /* AppDelegate.swift */ = {isa = PBXFileReference; lastKnownFileType = sourcecode.swift; path = AppDelegate.swift; sourceTree = "<group>"; };
		1BD50E5E2834115100A2AA23 /* SceneDelegate.swift */ = {isa = PBXFileReference; lastKnownFileType = sourcecode.swift; path = SceneDelegate.swift; sourceTree = "<group>"; };
		1BD50E602834115100A2AA23 /* ViewController.swift */ = {isa = PBXFileReference; lastKnownFileType = sourcecode.swift; path = ViewController.swift; sourceTree = "<group>"; };
		1BD50E632834115100A2AA23 /* Base */ = {isa = PBXFileReference; lastKnownFileType = file.storyboard; name = Base; path = Base.lproj/Main.storyboard; sourceTree = "<group>"; };
		1BD50E652834115300A2AA23 /* Assets.xcassets */ = {isa = PBXFileReference; lastKnownFileType = folder.assetcatalog; path = Assets.xcassets; sourceTree = "<group>"; };
		1BD50E682834115300A2AA23 /* Base */ = {isa = PBXFileReference; lastKnownFileType = file.storyboard; name = Base; path = Base.lproj/LaunchScreen.storyboard; sourceTree = "<group>"; };
		1BD50E6A2834115300A2AA23 /* Info.plist */ = {isa = PBXFileReference; lastKnownFileType = text.plist.xml; path = Info.plist; sourceTree = "<group>"; };
		1BD50E6F2834115400A2AA23 /* URLSessionHTTPClientAsyncAwaitTests.xctest */ = {isa = PBXFileReference; explicitFileType = wrapper.cfbundle; includeInIndex = 0; path = URLSessionHTTPClientAsyncAwaitTests.xctest; sourceTree = BUILT_PRODUCTS_DIR; };
		1BD50E8C2834118300A2AA23 /* URLSessionHTTPClient.swift */ = {isa = PBXFileReference; lastKnownFileType = sourcecode.swift; path = URLSessionHTTPClient.swift; sourceTree = "<group>"; };
		1BD50E8E283411B800A2AA23 /* HTTPClient.swift */ = {isa = PBXFileReference; lastKnownFileType = sourcecode.swift; path = HTTPClient.swift; sourceTree = "<group>"; };
		1BD50E902834128400A2AA23 /* URLSessionHTTPClientTests.swift */ = {isa = PBXFileReference; lastKnownFileType = sourcecode.swift; path = URLSessionHTTPClientTests.swift; sourceTree = "<group>"; };
/* End PBXFileReference section */

/* Begin PBXFrameworksBuildPhase section */
		1BD50E562834115100A2AA23 /* Frameworks */ = {
			isa = PBXFrameworksBuildPhase;
			buildActionMask = 2147483647;
			files = (
			);
			runOnlyForDeploymentPostprocessing = 0;
		};
		1BD50E6C2834115400A2AA23 /* Frameworks */ = {
			isa = PBXFrameworksBuildPhase;
			buildActionMask = 2147483647;
			files = (
			);
			runOnlyForDeploymentPostprocessing = 0;
		};
/* End PBXFrameworksBuildPhase section */

/* Begin PBXGroup section */
		1BD50E502834115100A2AA23 = {
			isa = PBXGroup;
			children = (
				1BD50E5B2834115100A2AA23 /* URLSessionHTTPClientAsyncAwait */,
				1BD50E722834115400A2AA23 /* URLSessionHTTPClientAsyncAwaitTests */,
				1BD50E5A2834115100A2AA23 /* Products */,
			);
			sourceTree = "<group>";
		};
		1BD50E5A2834115100A2AA23 /* Products */ = {
			isa = PBXGroup;
			children = (
				1BD50E592834115100A2AA23 /* URLSessionHTTPClientAsyncAwait.app */,
				1BD50E6F2834115400A2AA23 /* URLSessionHTTPClientAsyncAwaitTests.xctest */,
			);
			name = Products;
			sourceTree = "<group>";
		};
		1BD50E5B2834115100A2AA23 /* URLSessionHTTPClientAsyncAwait */ = {
			isa = PBXGroup;
			children = (
				1BD50E932834154D00A2AA23 /* SharedAPIInfra */,
				1BD50E922834154100A2AA23 /* SharedAPI */,
				1BD50E5C2834115100A2AA23 /* AppDelegate.swift */,
				1BD50E5E2834115100A2AA23 /* SceneDelegate.swift */,
				1BD50E602834115100A2AA23 /* ViewController.swift */,
				1BD50E622834115100A2AA23 /* Main.storyboard */,
				1BD50E652834115300A2AA23 /* Assets.xcassets */,
				1BD50E672834115300A2AA23 /* LaunchScreen.storyboard */,
				1BD50E6A2834115300A2AA23 /* Info.plist */,
			);
			path = URLSessionHTTPClientAsyncAwait;
			sourceTree = "<group>";
		};
		1BD50E722834115400A2AA23 /* URLSessionHTTPClientAsyncAwaitTests */ = {
			isa = PBXGroup;
			children = (
				1BD50E902834128400A2AA23 /* URLSessionHTTPClientTests.swift */,
			);
			path = URLSessionHTTPClientAsyncAwaitTests;
			sourceTree = "<group>";
		};
		1BD50E922834154100A2AA23 /* SharedAPI */ = {
			isa = PBXGroup;
			children = (
				1BD50E8E283411B800A2AA23 /* HTTPClient.swift */,
			);
			path = SharedAPI;
			sourceTree = "<group>";
		};
		1BD50E932834154D00A2AA23 /* SharedAPIInfra */ = {
			isa = PBXGroup;
			children = (
				1BD50E8C2834118300A2AA23 /* URLSessionHTTPClient.swift */,
			);
			path = SharedAPIInfra;
			sourceTree = "<group>";
		};
/* End PBXGroup section */

/* Begin PBXNativeTarget section */
		1BD50E582834115100A2AA23 /* URLSessionHTTPClientAsyncAwait */ = {
			isa = PBXNativeTarget;
			buildConfigurationList = 1BD50E832834115400A2AA23 /* Build configuration list for PBXNativeTarget "URLSessionHTTPClientAsyncAwait" */;
			buildPhases = (
				1BD50E552834115100A2AA23 /* Sources */,
				1BD50E562834115100A2AA23 /* Frameworks */,
				1BD50E572834115100A2AA23 /* Resources */,
			);
			buildRules = (
			);
			dependencies = (
			);
			name = URLSessionHTTPClientAsyncAwait;
			productName = URLSessionHTTPClientAsyncAwait;
			productReference = 1BD50E592834115100A2AA23 /* URLSessionHTTPClientAsyncAwait.app */;
			productType = "com.apple.product-type.application";
		};
		1BD50E6E2834115400A2AA23 /* URLSessionHTTPClientAsyncAwaitTests */ = {
			isa = PBXNativeTarget;
			buildConfigurationList = 1BD50E862834115400A2AA23 /* Build configuration list for PBXNativeTarget "URLSessionHTTPClientAsyncAwaitTests" */;
			buildPhases = (
				1BD50E6B2834115400A2AA23 /* Sources */,
				1BD50E6C2834115400A2AA23 /* Frameworks */,
				1BD50E6D2834115400A2AA23 /* Resources */,
			);
			buildRules = (
			);
			dependencies = (
				1BD50E712834115400A2AA23 /* PBXTargetDependency */,
			);
			name = URLSessionHTTPClientAsyncAwaitTests;
			productName = URLSessionHTTPClientAsyncAwaitTests;
			productReference = 1BD50E6F2834115400A2AA23 /* URLSessionHTTPClientAsyncAwaitTests.xctest */;
			productType = "com.apple.product-type.bundle.unit-test";
		};
/* End PBXNativeTarget section */

/* Begin PBXProject section */
		1BD50E512834115100A2AA23 /* Project object */ = {
			isa = PBXProject;
			attributes = {
				BuildIndependentTargetsInParallel = 1;
				LastSwiftUpdateCheck = 1330;
				LastUpgradeCheck = 1330;
				TargetAttributes = {
					1BD50E582834115100A2AA23 = {
						CreatedOnToolsVersion = 13.3.1;
					};
					1BD50E6E2834115400A2AA23 = {
						CreatedOnToolsVersion = 13.3.1;
						TestTargetID = 1BD50E582834115100A2AA23;
					};
				};
			};
			buildConfigurationList = 1BD50E542834115100A2AA23 /* Build configuration list for PBXProject "URLSessionHTTPClientAsyncAwait" */;
			compatibilityVersion = "Xcode 13.0";
			developmentRegion = en;
			hasScannedForEncodings = 0;
			knownRegions = (
				en,
				Base,
			);
			mainGroup = 1BD50E502834115100A2AA23;
			productRefGroup = 1BD50E5A2834115100A2AA23 /* Products */;
			projectDirPath = "";
			projectRoot = "";
			targets = (
				1BD50E582834115100A2AA23 /* URLSessionHTTPClientAsyncAwait */,
				1BD50E6E2834115400A2AA23 /* URLSessionHTTPClientAsyncAwaitTests */,
			);
		};
/* End PBXProject section */

/* Begin PBXResourcesBuildPhase section */
		1BD50E572834115100A2AA23 /* Resources */ = {
			isa = PBXResourcesBuildPhase;
			buildActionMask = 2147483647;
			files = (
				1BD50E692834115300A2AA23 /* LaunchScreen.storyboard in Resources */,
				1BD50E662834115300A2AA23 /* Assets.xcassets in Resources */,
				1BD50E642834115100A2AA23 /* Main.storyboard in Resources */,
			);
			runOnlyForDeploymentPostprocessing = 0;
		};
		1BD50E6D2834115400A2AA23 /* Resources */ = {
			isa = PBXResourcesBuildPhase;
			buildActionMask = 2147483647;
			files = (
			);
			runOnlyForDeploymentPostprocessing = 0;
		};
/* End PBXResourcesBuildPhase section */

/* Begin PBXSourcesBuildPhase section */
		1BD50E552834115100A2AA23 /* Sources */ = {
			isa = PBXSourcesBuildPhase;
			buildActionMask = 2147483647;
			files = (
				1BD50E612834115100A2AA23 /* ViewController.swift in Sources */,
				1BD50E8F283411B800A2AA23 /* HTTPClient.swift in Sources */,
				1BD50E5D2834115100A2AA23 /* AppDelegate.swift in Sources */,
				1BD50E5F2834115100A2AA23 /* SceneDelegate.swift in Sources */,
				1BD50E8D2834118300A2AA23 /* URLSessionHTTPClient.swift in Sources */,
			);
			runOnlyForDeploymentPostprocessing = 0;
		};
		1BD50E6B2834115400A2AA23 /* Sources */ = {
			isa = PBXSourcesBuildPhase;
			buildActionMask = 2147483647;
			files = (
				1BD50E912834128400A2AA23 /* URLSessionHTTPClientTests.swift in Sources */,
			);
			runOnlyForDeploymentPostprocessing = 0;
		};
/* End PBXSourcesBuildPhase section */

/* Begin PBXTargetDependency section */
		1BD50E712834115400A2AA23 /* PBXTargetDependency */ = {
			isa = PBXTargetDependency;
			target = 1BD50E582834115100A2AA23 /* URLSessionHTTPClientAsyncAwait */;
			targetProxy = 1BD50E702834115400A2AA23 /* PBXContainerItemProxy */;
		};
/* End PBXTargetDependency section */

/* Begin PBXVariantGroup section */
		1BD50E622834115100A2AA23 /* Main.storyboard */ = {
			isa = PBXVariantGroup;
			children = (
				1BD50E632834115100A2AA23 /* Base */,
			);
			name = Main.storyboard;
			sourceTree = "<group>";
		};
		1BD50E672834115300A2AA23 /* LaunchScreen.storyboard */ = {
			isa = PBXVariantGroup;
			children = (
				1BD50E682834115300A2AA23 /* Base */,
			);
			name = LaunchScreen.storyboard;
			sourceTree = "<group>";
		};
/* End PBXVariantGroup section */

/* Begin XCBuildConfiguration section */
		1BD50E812834115400A2AA23 /* Debug */ = {
			isa = XCBuildConfiguration;
			buildSettings = {
				ALWAYS_SEARCH_USER_PATHS = NO;
				CLANG_ANALYZER_NONNULL = YES;
				CLANG_ANALYZER_NUMBER_OBJECT_CONVERSION = YES_AGGRESSIVE;
				CLANG_CXX_LANGUAGE_STANDARD = "gnu++17";
				CLANG_ENABLE_MODULES = YES;
				CLANG_ENABLE_OBJC_ARC = YES;
				CLANG_ENABLE_OBJC_WEAK = YES;
				CLANG_WARN_BLOCK_CAPTURE_AUTORELEASING = YES;
				CLANG_WARN_BOOL_CONVERSION = YES;
				CLANG_WARN_COMMA = YES;
				CLANG_WARN_CONSTANT_CONVERSION = YES;
				CLANG_WARN_DEPRECATED_OBJC_IMPLEMENTATIONS = YES;
				CLANG_WARN_DIRECT_OBJC_ISA_USAGE = YES_ERROR;
				CLANG_WARN_DOCUMENTATION_COMMENTS = YES;
				CLANG_WARN_EMPTY_BODY = YES;
				CLANG_WARN_ENUM_CONVERSION = YES;
				CLANG_WARN_INFINITE_RECURSION = YES;
				CLANG_WARN_INT_CONVERSION = YES;
				CLANG_WARN_NON_LITERAL_NULL_CONVERSION = YES;
				CLANG_WARN_OBJC_IMPLICIT_RETAIN_SELF = YES;
				CLANG_WARN_OBJC_LITERAL_CONVERSION = YES;
				CLANG_WARN_OBJC_ROOT_CLASS = YES_ERROR;
				CLANG_WARN_QUOTED_INCLUDE_IN_FRAMEWORK_HEADER = YES;
				CLANG_WARN_RANGE_LOOP_ANALYSIS = YES;
				CLANG_WARN_STRICT_PROTOTYPES = YES;
				CLANG_WARN_SUSPICIOUS_MOVE = YES;
				CLANG_WARN_UNGUARDED_AVAILABILITY = YES_AGGRESSIVE;
				CLANG_WARN_UNREACHABLE_CODE = YES;
				CLANG_WARN__DUPLICATE_METHOD_MATCH = YES;
				COPY_PHASE_STRIP = NO;
				DEBUG_INFORMATION_FORMAT = dwarf;
				ENABLE_STRICT_OBJC_MSGSEND = YES;
				ENABLE_TESTABILITY = YES;
				GCC_C_LANGUAGE_STANDARD = gnu11;
				GCC_DYNAMIC_NO_PIC = NO;
				GCC_NO_COMMON_BLOCKS = YES;
				GCC_OPTIMIZATION_LEVEL = 0;
				GCC_PREPROCESSOR_DEFINITIONS = (
					"DEBUG=1",
					"$(inherited)",
				);
				GCC_WARN_64_TO_32_BIT_CONVERSION = YES;
				GCC_WARN_ABOUT_RETURN_TYPE = YES_ERROR;
				GCC_WARN_UNDECLARED_SELECTOR = YES;
				GCC_WARN_UNINITIALIZED_AUTOS = YES_AGGRESSIVE;
				GCC_WARN_UNUSED_FUNCTION = YES;
				GCC_WARN_UNUSED_VARIABLE = YES;
				IPHONEOS_DEPLOYMENT_TARGET = 15.4;
				MTL_ENABLE_DEBUG_INFO = INCLUDE_SOURCE;
				MTL_FAST_MATH = YES;
				ONLY_ACTIVE_ARCH = YES;
				SDKROOT = iphoneos;
				SWIFT_ACTIVE_COMPILATION_CONDITIONS = DEBUG;
				SWIFT_OPTIMIZATION_LEVEL = "-Onone";
			};
			name = Debug;
		};
		1BD50E822834115400A2AA23 /* Release */ = {
			isa = XCBuildConfiguration;
			buildSettings = {
				ALWAYS_SEARCH_USER_PATHS = NO;
				CLANG_ANALYZER_NONNULL = YES;
				CLANG_ANALYZER_NUMBER_OBJECT_CONVERSION = YES_AGGRESSIVE;
				CLANG_CXX_LANGUAGE_STANDARD = "gnu++17";
				CLANG_ENABLE_MODULES = YES;
				CLANG_ENABLE_OBJC_ARC = YES;
				CLANG_ENABLE_OBJC_WEAK = YES;
				CLANG_WARN_BLOCK_CAPTURE_AUTORELEASING = YES;
				CLANG_WARN_BOOL_CONVERSION = YES;
				CLANG_WARN_COMMA = YES;
				CLANG_WARN_CONSTANT_CONVERSION = YES;
				CLANG_WARN_DEPRECATED_OBJC_IMPLEMENTATIONS = YES;
				CLANG_WARN_DIRECT_OBJC_ISA_USAGE = YES_ERROR;
				CLANG_WARN_DOCUMENTATION_COMMENTS = YES;
				CLANG_WARN_EMPTY_BODY = YES;
				CLANG_WARN_ENUM_CONVERSION = YES;
				CLANG_WARN_INFINITE_RECURSION = YES;
				CLANG_WARN_INT_CONVERSION = YES;
				CLANG_WARN_NON_LITERAL_NULL_CONVERSION = YES;
				CLANG_WARN_OBJC_IMPLICIT_RETAIN_SELF = YES;
				CLANG_WARN_OBJC_LITERAL_CONVERSION = YES;
				CLANG_WARN_OBJC_ROOT_CLASS = YES_ERROR;
				CLANG_WARN_QUOTED_INCLUDE_IN_FRAMEWORK_HEADER = YES;
				CLANG_WARN_RANGE_LOOP_ANALYSIS = YES;
				CLANG_WARN_STRICT_PROTOTYPES = YES;
				CLANG_WARN_SUSPICIOUS_MOVE = YES;
				CLANG_WARN_UNGUARDED_AVAILABILITY = YES_AGGRESSIVE;
				CLANG_WARN_UNREACHABLE_CODE = YES;
				CLANG_WARN__DUPLICATE_METHOD_MATCH = YES;
				COPY_PHASE_STRIP = NO;
				DEBUG_INFORMATION_FORMAT = "dwarf-with-dsym";
				ENABLE_NS_ASSERTIONS = NO;
				ENABLE_STRICT_OBJC_MSGSEND = YES;
				GCC_C_LANGUAGE_STANDARD = gnu11;
				GCC_NO_COMMON_BLOCKS = YES;
				GCC_WARN_64_TO_32_BIT_CONVERSION = YES;
				GCC_WARN_ABOUT_RETURN_TYPE = YES_ERROR;
				GCC_WARN_UNDECLARED_SELECTOR = YES;
				GCC_WARN_UNINITIALIZED_AUTOS = YES_AGGRESSIVE;
				GCC_WARN_UNUSED_FUNCTION = YES;
				GCC_WARN_UNUSED_VARIABLE = YES;
				IPHONEOS_DEPLOYMENT_TARGET = 15.4;
				MTL_ENABLE_DEBUG_INFO = NO;
				MTL_FAST_MATH = YES;
				SDKROOT = iphoneos;
				SWIFT_COMPILATION_MODE = wholemodule;
				SWIFT_OPTIMIZATION_LEVEL = "-O";
				VALIDATE_PRODUCT = YES;
			};
			name = Release;
		};
		1BD50E842834115400A2AA23 /* Debug */ = {
			isa = XCBuildConfiguration;
			buildSettings = {
				ASSETCATALOG_COMPILER_APPICON_NAME = AppIcon;
				ASSETCATALOG_COMPILER_GLOBAL_ACCENT_COLOR_NAME = AccentColor;
				CODE_SIGN_STYLE = Automatic;
				CURRENT_PROJECT_VERSION = 1;
				DEVELOPMENT_TEAM = 2FP92Z44M9;
				GENERATE_INFOPLIST_FILE = YES;
				INFOPLIST_FILE = URLSessionHTTPClientAsyncAwait/Info.plist;
				INFOPLIST_KEY_UIApplicationSupportsIndirectInputEvents = YES;
				INFOPLIST_KEY_UILaunchStoryboardName = LaunchScreen;
				INFOPLIST_KEY_UIMainStoryboardFile = Main;
				INFOPLIST_KEY_UISupportedInterfaceOrientations_iPad = "UIInterfaceOrientationPortrait UIInterfaceOrientationPortraitUpsideDown UIInterfaceOrientationLandscapeLeft UIInterfaceOrientationLandscapeRight";
				INFOPLIST_KEY_UISupportedInterfaceOrientations_iPhone = "UIInterfaceOrientationPortrait UIInterfaceOrientationLandscapeLeft UIInterfaceOrientationLandscapeRight";
				LD_RUNPATH_SEARCH_PATHS = (
					"$(inherited)",
					"@executable_path/Frameworks",
				);
				MARKETING_VERSION = 1.0;
				PRODUCT_BUNDLE_IDENTIFIER = com.async.identifier.URLSessionHTTPClientAsyncAwait;
				PRODUCT_NAME = "$(TARGET_NAME)";
				SWIFT_EMIT_LOC_STRINGS = YES;
				SWIFT_VERSION = 5.0;
				TARGETED_DEVICE_FAMILY = "1,2";
			};
			name = Debug;
		};
		1BD50E852834115400A2AA23 /* Release */ = {
			isa = XCBuildConfiguration;
			buildSettings = {
				ASSETCATALOG_COMPILER_APPICON_NAME = AppIcon;
				ASSETCATALOG_COMPILER_GLOBAL_ACCENT_COLOR_NAME = AccentColor;
				CODE_SIGN_STYLE = Automatic;
				CURRENT_PROJECT_VERSION = 1;
				DEVELOPMENT_TEAM = 2FP92Z44M9;
				GENERATE_INFOPLIST_FILE = YES;
				INFOPLIST_FILE = URLSessionHTTPClientAsyncAwait/Info.plist;
				INFOPLIST_KEY_UIApplicationSupportsIndirectInputEvents = YES;
				INFOPLIST_KEY_UILaunchStoryboardName = LaunchScreen;
				INFOPLIST_KEY_UIMainStoryboardFile = Main;
				INFOPLIST_KEY_UISupportedInterfaceOrientations_iPad = "UIInterfaceOrientationPortrait UIInterfaceOrientationPortraitUpsideDown UIInterfaceOrientationLandscapeLeft UIInterfaceOrientationLandscapeRight";
				INFOPLIST_KEY_UISupportedInterfaceOrientations_iPhone = "UIInterfaceOrientationPortrait UIInterfaceOrientationLandscapeLeft UIInterfaceOrientationLandscapeRight";
				LD_RUNPATH_SEARCH_PATHS = (
					"$(inherited)",
					"@executable_path/Frameworks",
				);
				MARKETING_VERSION = 1.0;
				PRODUCT_BUNDLE_IDENTIFIER = com.async.identifier.URLSessionHTTPClientAsyncAwait;
				PRODUCT_NAME = "$(TARGET_NAME)";
				SWIFT_EMIT_LOC_STRINGS = YES;
				SWIFT_VERSION = 5.0;
				TARGETED_DEVICE_FAMILY = "1,2";
			};
			name = Release;
		};
		1BD50E872834115400A2AA23 /* Debug */ = {
			isa = XCBuildConfiguration;
			buildSettings = {
				ALWAYS_EMBED_SWIFT_STANDARD_LIBRARIES = YES;
				BUNDLE_LOADER = "$(TEST_HOST)";
				CODE_SIGN_STYLE = Automatic;
				CURRENT_PROJECT_VERSION = 1;
				DEVELOPMENT_TEAM = 2FP92Z44M9;
				GENERATE_INFOPLIST_FILE = YES;
				IPHONEOS_DEPLOYMENT_TARGET = 15.4;
				MARKETING_VERSION = 1.0;
				PRODUCT_BUNDLE_IDENTIFIER = com.async.identifier.URLSessionHTTPClientAsyncAwaitTests;
				PRODUCT_NAME = "$(TARGET_NAME)";
				SWIFT_EMIT_LOC_STRINGS = NO;
				SWIFT_VERSION = 5.0;
				TARGETED_DEVICE_FAMILY = "1,2";
				TEST_HOST = "$(BUILT_PRODUCTS_DIR)/URLSessionHTTPClientAsyncAwait.app/URLSessionHTTPClientAsyncAwait";
			};
			name = Debug;
		};
		1BD50E882834115400A2AA23 /* Release */ = {
			isa = XCBuildConfiguration;
			buildSettings = {
				ALWAYS_EMBED_SWIFT_STANDARD_LIBRARIES = YES;
				BUNDLE_LOADER = "$(TEST_HOST)";
				CODE_SIGN_STYLE = Automatic;
				CURRENT_PROJECT_VERSION = 1;
				DEVELOPMENT_TEAM = 2FP92Z44M9;
				GENERATE_INFOPLIST_FILE = YES;
				IPHONEOS_DEPLOYMENT_TARGET = 15.4;
				MARKETING_VERSION = 1.0;
				PRODUCT_BUNDLE_IDENTIFIER = com.async.identifier.URLSessionHTTPClientAsyncAwaitTests;
				PRODUCT_NAME = "$(TARGET_NAME)";
				SWIFT_EMIT_LOC_STRINGS = NO;
				SWIFT_VERSION = 5.0;
				TARGETED_DEVICE_FAMILY = "1,2";
				TEST_HOST = "$(BUILT_PRODUCTS_DIR)/URLSessionHTTPClientAsyncAwait.app/URLSessionHTTPClientAsyncAwait";
			};
			name = Release;
		};
/* End XCBuildConfiguration section */

/* Begin XCConfigurationList section */
		1BD50E542834115100A2AA23 /* Build configuration list for PBXProject "URLSessionHTTPClientAsyncAwait" */ = {
			isa = XCConfigurationList;
			buildConfigurations = (
				1BD50E812834115400A2AA23 /* Debug */,
				1BD50E822834115400A2AA23 /* Release */,
			);
			defaultConfigurationIsVisible = 0;
			defaultConfigurationName = Release;
		};
		1BD50E832834115400A2AA23 /* Build configuration list for PBXNativeTarget "URLSessionHTTPClientAsyncAwait" */ = {
			isa = XCConfigurationList;
			buildConfigurations = (
				1BD50E842834115400A2AA23 /* Debug */,
				1BD50E852834115400A2AA23 /* Release */,
			);
			defaultConfigurationIsVisible = 0;
			defaultConfigurationName = Release;
		};
		1BD50E862834115400A2AA23 /* Build configuration list for PBXNativeTarget "URLSessionHTTPClientAsyncAwaitTests" */ = {
			isa = XCConfigurationList;
			buildConfigurations = (
				1BD50E872834115400A2AA23 /* Debug */,
				1BD50E882834115400A2AA23 /* Release */,
			);
			defaultConfigurationIsVisible = 0;
			defaultConfigurationName = Release;
		};
/* End XCConfigurationList section */
	};
	rootObject = 1BD50E512834115100A2AA23 /* Project object */;
}
